
Microsoft Visual Studio Solution File, Format Version 12.00
# Visual Studio Version 17
VisualStudioVersion = 17.0.31903.59
MinimumVisualStudioVersion = 10.0.40219.1
Project("{2150E333-8FDC-42A3-9474-1A3956D46DE8}") = "src", "src", "{5EBED6EB-552C-4A1B-AA56-4956EBC47F7E}"
EndProject
Project("{9A19103F-16F7-4668-BE54-9A1E7A4F7556}") = "FnTool", "FnTool.csproj", "{79A43AE1-74B2-456B-97C1-3333A4C84574}"
EndProject
Global
	GlobalSection(SolutionConfigurationPlatforms) = preSolution
		Debug|Any CPU = Debug|Any CPU
		Release|Any CPU = Release|Any CPU
	EndGlobalSection
	GlobalSection(ProjectConfigurationPlatforms) = postSolution
		{79A43AE1-74B2-456B-97C1-3333A4C84574}.Debug|Any CPU.ActiveCfg = Debug|Any CPU
		{79A43AE1-74B2-456B-97C1-3333A4C84574}.Debug|Any CPU.Build.0 = Debug|Any CPU
		{79A43AE1-74B2-456B-97C1-3333A4C84574}.Release|Any CPU.ActiveCfg = Release|Any CPU
		{79A43AE1-74B2-456B-97C1-3333A4C84574}.Release|Any CPU.Build.0 = Release|Any CPU
	EndGlobalSection
	GlobalSection(SolutionProperties) = preSolution
		HideSolutionNode = FALSE
	EndGlobalSection
	GlobalSection(NestedProjects) = preSolution
		{79A43AE1-74B2-456B-97C1-3333A4C84574} = {5EBED6EB-552C-4A1B-AA56-4956EBC47F7E}
	EndGlobalSection
	GlobalSection(ExtensibilityGlobals) = postSolution
		SolutionGuid = {EAE40C99-C210-40D1-ABF5-F704BCCA3E93}
	EndGlobalSection
EndGlobal
